
Microsoft Visual Studio Solution File, Format Version 12.00
# Visual Studio Version 17
VisualStudioVersion = 17.8.34511.84
MinimumVisualStudioVersion = 10.0.40219.1
Project("{FAE04EC0-301F-11D3-BF4B-00C04F79EFBC}") = "Assignment 2", "Assignment 2.csproj", "{BCA71813-C013-4D21-8CC1-74BEAE049DA1}"
EndProject
Global
	GlobalSection(SolutionConfigurationPlatforms) = preSolution
		Debug|Any CPU = Debug|Any CPU
		Release|Any CPU = Release|Any CPU
	EndGlobalSection
	GlobalSection(ProjectConfigurationPlatforms) = postSolution
		{BCA71813-C013-4D21-8CC1-74BEAE049DA1}.Debug|Any CPU.ActiveCfg = Debug|Any CPU
		{BCA71813-C013-4D21-8CC1-74BEAE049DA1}.Debug|Any CPU.Build.0 = Debug|Any CPU
		{BCA71813-C013-4D21-8CC1-74BEAE049DA1}.Release|Any CPU.ActiveCfg = Release|Any CPU
		{BCA71813-C013-4D21-8CC1-74BEAE049DA1}.Release|Any CPU.Build.0 = Release|Any CPU
	EndGlobalSection
	GlobalSection(SolutionProperties) = preSolution
		HideSolutionNode = FALSE
	EndGlobalSection
	GlobalSection(ExtensibilityGlobals) = postSolution
		SolutionGuid = {4EA2A9A7-5FCD-45B7-93B4-C352FDA29433}
	EndGlobalSection
EndGlobal
